
Microsoft Visual Studio Solution File, Format Version 12.00
# Visual Studio 15
VisualStudioVersion = 15.0.28307.1758
MinimumVisualStudioVersion = 10.0.40219.1
Project("{FAE04EC0-301F-11D3-BF4B-00C04F79EFBC}") = "IdentificacionCR", "IdentificacionCR\IdentificacionCR.csproj", "{1CDB40F2-8A9E-4762-B25C-4018CC83259C}"
EndProject
Project("{FAE04EC0-301F-11D3-BF4B-00C04F79EFBC}") = "TestConsole", "TestConsole\TestConsole.csproj", "{C41D63B3-C18F-432A-8F61-7F76C2F20425}"
EndProject
Global
	GlobalSection(SolutionConfigurationPlatforms) = preSolution
		Debug|Any CPU = Debug|Any CPU
		Release|Any CPU = Release|Any CPU
	EndGlobalSection
	GlobalSection(ProjectConfigurationPlatforms) = postSolution
		{1CDB40F2-8A9E-4762-B25C-4018CC83259C}.Debug|Any CPU.ActiveCfg = Debug|Any CPU
		{1CDB40F2-8A9E-4762-B25C-4018CC83259C}.Debug|Any CPU.Build.0 = Debug|Any CPU
		{1CDB40F2-8A9E-4762-B25C-4018CC83259C}.Release|Any CPU.ActiveCfg = Release|Any CPU
		{1CDB40F2-8A9E-4762-B25C-4018CC83259C}.Release|Any CPU.Build.0 = Release|Any CPU
		{C41D63B3-C18F-432A-8F61-7F76C2F20425}.Debug|Any CPU.ActiveCfg = Debug|Any CPU
		{C41D63B3-C18F-432A-8F61-7F76C2F20425}.Debug|Any CPU.Build.0 = Debug|Any CPU
		{C41D63B3-C18F-432A-8F61-7F76C2F20425}.Release|Any CPU.ActiveCfg = Release|Any CPU
		{C41D63B3-C18F-432A-8F61-7F76C2F20425}.Release|Any CPU.Build.0 = Release|Any CPU
	EndGlobalSection
	GlobalSection(SolutionProperties) = preSolution
		HideSolutionNode = FALSE
	EndGlobalSection
	GlobalSection(ExtensibilityGlobals) = postSolution
		SolutionGuid = {185EFBB1-F174-45FA-830C-44599E358DEA}
	EndGlobalSection
EndGlobal
